
Microsoft Visual Studio Solution File, Format Version 12.00
# Visual Studio Version 17
VisualStudioVersion = 17.4.33213.308
MinimumVisualStudioVersion = 10.0.40219.1
Project("{FAE04EC0-301F-11D3-BF4B-00C04F79EFBC}") = "ConsoleApp", "ConsoleApp\ConsoleApp.csproj", "{B4013EC8-1954-4167-BE42-56FCE7240C29}"
EndProject
Project("{FAE04EC0-301F-11D3-BF4B-00C04F79EFBC}") = "Helpers", "Helpers\Helpers.csproj", "{440341F1-CA98-4CD7-8844-E681A6BB6E5A}"
EndProject
Global
	GlobalSection(SolutionConfigurationPlatforms) = preSolution
		Debug|Any CPU = Debug|Any CPU
		Release|Any CPU = Release|Any CPU
	EndGlobalSection
	GlobalSection(ProjectConfigurationPlatforms) = postSolution
		{B4013EC8-1954-4167-BE42-56FCE7240C29}.Debug|Any CPU.ActiveCfg = Debug|Any CPU
		{B4013EC8-1954-4167-BE42-56FCE7240C29}.Debug|Any CPU.Build.0 = Debug|Any CPU
		{B4013EC8-1954-4167-BE42-56FCE7240C29}.Release|Any CPU.ActiveCfg = Release|Any CPU
		{B4013EC8-1954-4167-BE42-56FCE7240C29}.Release|Any CPU.Build.0 = Release|Any CPU
		{440341F1-CA98-4CD7-8844-E681A6BB6E5A}.Debug|Any CPU.ActiveCfg = Debug|Any CPU
		{440341F1-CA98-4CD7-8844-E681A6BB6E5A}.Debug|Any CPU.Build.0 = Debug|Any CPU
		{440341F1-CA98-4CD7-8844-E681A6BB6E5A}.Release|Any CPU.ActiveCfg = Release|Any CPU
		{440341F1-CA98-4CD7-8844-E681A6BB6E5A}.Release|Any CPU.Build.0 = Release|Any CPU
	EndGlobalSection
	GlobalSection(SolutionProperties) = preSolution
		HideSolutionNode = FALSE
	EndGlobalSection
	GlobalSection(ExtensibilityGlobals) = postSolution
		SolutionGuid = {5DE0EE3F-470C-4B58-8AC5-DB61703B924B}
	EndGlobalSection
EndGlobal
